// !$*UTF8*$!
{
	archiveVersion = 1;
	classes = {
	};
	objectVersion = 46;
	objects = {

/* Begin PBXBuildFile section */
		A9F049AE1DB22F11003B4938 /* main.m in Sources */ = {isa = PBXBuildFile; fileRef = A9F049AD1DB22F11003B4938 /* main.m */; };
		A9F049B11DB22F11003B4938 /* AppDelegate.m in Sources */ = {isa = PBXBuildFile; fileRef = A9F049B01DB22F11003B4938 /* AppDelegate.m */; };
		A9F049B41DB22F11003B4938 /* ViewController.m in Sources */ = {isa = PBXBuildFile; fileRef = A9F049B31DB22F11003B4938 /* ViewController.m */; };
		A9F049B71DB22F11003B4938 /* Main.storyboard in Resources */ = {isa = PBXBuildFile; fileRef = A9F049B51DB22F11003B4938 /* Main.storyboard */; };
		A9F049B91DB22F11003B4938 /* Assets.xcassets in Resources */ = {isa = PBXBuildFile; fileRef = A9F049B81DB22F11003B4938 /* Assets.xcassets */; };
		A9F049BC1DB22F11003B4938 /* LaunchScreen.storyboard in Resources */ = {isa = PBXBuildFile; fileRef = A9F049BA1DB22F11003B4938 /* LaunchScreen.storyboard */; };
		F9A5536D2B82B3FFBA62F4B0 /* libPods-App.a in Frameworks */ = {isa = PBXBuildFile; fileRef = 5E03F3D3BC1F8A63B5CE7A3C /* libPods-App.a */; };
/* End PBXBuildFile section */

/* Begin PBXFileReference section */
		3808A14C2277EDCA5AD10DCB /* Pods-App.debug.xcconfig */ = {isa = PBXFileReference; includeInIndex = 1; lastKnownFileType = text.xcconfig; name = "Pods-App.debug.xcconfig"; path = "Pods/Target Support Files/Pods-App/Pods-App.debug.xcconfig"; sourceTree = "<group>"; };
		5E03F3D3BC1F8A63B5CE7A3C /* libPods-App.a */ = {isa = PBXFileReference; explicitFileType = archive.ar; includeInIndex = 0; path = "libPods-App.a"; sourceTree = BUILT_PRODUCTS_DIR; };
		668C29721B7F3D3DAF39C9DE /* Pods-App.release.xcconfig */ = {isa = PBXFileReference; includeInIndex = 1; lastKnownFileType = text.xcconfig; name = "Pods-App.release.xcconfig"; path = "Pods/Target Support Files/Pods-App/Pods-App.release.xcconfig"; sourceTree = "<group>"; };
		A9F049A91DB22F11003B4938 /* App.app */ = {isa = PBXFileReference; explicitFileType = wrapper.application; includeInIndex = 0; path = App.app; sourceTree = BUILT_PRODUCTS_DIR; };
		A9F049AD1DB22F11003B4938 /* main.m */ = {isa = PBXFileReference; lastKnownFileType = sourcecode.c.objc; path = main.m; sourceTree = "<group>"; };
		A9F049AF1DB22F11003B4938 /* AppDelegate.h */ = {isa = PBXFileReference; lastKnownFileType = sourcecode.c.h; path = AppDelegate.h; sourceTree = "<group>"; };
		A9F049B01DB22F11003B4938 /* AppDelegate.m */ = {isa = PBXFileReference; lastKnownFileType = sourcecode.c.objc; path = AppDelegate.m; sourceTree = "<group>"; };
		A9F049B21DB22F11003B4938 /* ViewController.h */ = {isa = PBXFileReference; lastKnownFileType = sourcecode.c.h; path = ViewController.h; sourceTree = "<group>"; };
		A9F049B31DB22F11003B4938 /* ViewController.m */ = {isa = PBXFileReference; lastKnownFileType = sourcecode.c.objc; path = ViewController.m; sourceTree = "<group>"; };
		A9F049B61DB22F11003B4938 /* Base */ = {isa = PBXFileReference; lastKnownFileType = file.storyboard; name = Base; path = Base.lproj/Main.storyboard; sourceTree = "<group>"; };
		A9F049B81DB22F11003B4938 /* Assets.xcassets */ = {isa = PBXFileReference; lastKnownFileType = folder.assetcatalog; path = Assets.xcassets; sourceTree = "<group>"; };
		A9F049BB1DB22F11003B4938 /* Base */ = {isa = PBXFileReference; lastKnownFileType = file.storyboard; name = Base; path = Base.lproj/LaunchScreen.storyboard; sourceTree = "<group>"; };
		A9F049BD1DB22F11003B4938 /* Info.plist */ = {isa = PBXFileReference; lastKnownFileType = text.plist.xml; path = Info.plist; sourceTree = "<group>"; };
/* End PBXFileReference section */

/* Begin PBXFrameworksBuildPhase section */
		A9F049A61DB22F11003B4938 /* Frameworks */ = {
			isa = PBXFrameworksBuildPhase;
			buildActionMask = 2147483647;
			files = (
				F9A5536D2B82B3FFBA62F4B0 /* libPods-App.a in Frameworks */,
			);
			runOnlyForDeploymentPostprocessing = 0;
		};
/* End PBXFrameworksBuildPhase section */

/* Begin PBXGroup section */
		028311221F71ED1FACAC9A8C /* Pods */ = {
			isa = PBXGroup;
			children = (
				3808A14C2277EDCA5AD10DCB /* Pods-App.debug.xcconfig */,
				668C29721B7F3D3DAF39C9DE /* Pods-App.release.xcconfig */,
			);
			name = Pods;
			sourceTree = "<group>";
		};
		A9F049A01DB22F11003B4938 = {
			isa = PBXGroup;
			children = (
				A9F049AB1DB22F11003B4938 /* App */,
				A9F049AA1DB22F11003B4938 /* Products */,
				028311221F71ED1FACAC9A8C /* Pods */,
				C958F89AF073620437A6F733 /* Frameworks */,
			);
			sourceTree = "<group>";
		};
		A9F049AA1DB22F11003B4938 /* Products */ = {
			isa = PBXGroup;
			children = (
				A9F049A91DB22F11003B4938 /* App.app */,
			);
			name = Products;
			sourceTree = "<group>";
		};
		A9F049AB1DB22F11003B4938 /* App */ = {
			isa = PBXGroup;
			children = (
				A9F049AF1DB22F11003B4938 /* AppDelegate.h */,
				A9F049B01DB22F11003B4938 /* AppDelegate.m */,
				A9F049B21DB22F11003B4938 /* ViewController.h */,
				A9F049B31DB22F11003B4938 /* ViewController.m */,
				A9F049B51DB22F11003B4938 /* Main.storyboard */,
				A9F049B81DB22F11003B4938 /* Assets.xcassets */,
				A9F049BA1DB22F11003B4938 /* LaunchScreen.storyboard */,
				A9F049BD1DB22F11003B4938 /* Info.plist */,
				A9F049AC1DB22F11003B4938 /* Supporting Files */,
			);
			path = App;
			sourceTree = "<group>";
		};
		A9F049AC1DB22F11003B4938 /* Supporting Files */ = {
			isa = PBXGroup;
			children = (
				A9F049AD1DB22F11003B4938 /* main.m */,
			);
			name = "Supporting Files";
			sourceTree = "<group>";
		};
		C958F89AF073620437A6F733 /* Frameworks */ = {
			isa = PBXGroup;
			children = (
				5E03F3D3BC1F8A63B5CE7A3C /* libPods-App.a */,
			);
			name = Frameworks;
			sourceTree = "<group>";
		};
/* End PBXGroup section */

/* Begin PBXNativeTarget section */
		A9F049A81DB22F11003B4938 /* App */ = {
			isa = PBXNativeTarget;
			buildConfigurationList = A9F049C01DB22F11003B4938 /* Build configuration list for PBXNativeTarget "App" */;
			buildPhases = (
				3F79969F91FA3719ED7968E1 /* [CP] Check Pods Manifest.lock */,
				A9F049A51DB22F11003B4938 /* Sources */,
				A9F049A61DB22F11003B4938 /* Frameworks */,
				A9F049A71DB22F11003B4938 /* Resources */,
				2149DF5EDE01F3BBD5C7AD70 /* [CP] Embed Pods Frameworks */,
				483333FB4D0D04A5B6255274 /* [CP] Copy Pods Resources */,
			);
			buildRules = (
			);
			dependencies = (
			);
			name = App;
			productName = App;
			productReference = A9F049A91DB22F11003B4938 /* App.app */;
			productType = "com.apple.product-type.application";
		};
/* End PBXNativeTarget section */

/* Begin PBXProject section */
		A9F049A11DB22F11003B4938 /* Project object */ = {
			isa = PBXProject;
			attributes = {
				LastUpgradeCheck = 0810;
				ORGANIZATIONNAME = morenotepad;
				TargetAttributes = {
					A9F049A81DB22F11003B4938 = {
						CreatedOnToolsVersion = 8.1;
						DevelopmentTeam = XABKBB2C9G;
						ProvisioningStyle = Automatic;
					};
				};
			};
			buildConfigurationList = A9F049A41DB22F11003B4938 /* Build configuration list for PBXProject "App" */;
			compatibilityVersion = "Xcode 3.2";
			developmentRegion = English;
			hasScannedForEncodings = 0;
			knownRegions = (
				en,
				Base,
			);
			mainGroup = A9F049A01DB22F11003B4938;
			productRefGroup = A9F049AA1DB22F11003B4938 /* Products */;
			projectDirPath = "";
			projectRoot = "";
			targets = (
				A9F049A81DB22F11003B4938 /* App */,
			);
		};
/* End PBXProject section */

/* Begin PBXResourcesBuildPhase section */
		A9F049A71DB22F11003B4938 /* Resources */ = {
			isa = PBXResourcesBuildPhase;
			buildActionMask = 2147483647;
			files = (
				A9F049BC1DB22F11003B4938 /* LaunchScreen.storyboard in Resources */,
				A9F049B91DB22F11003B4938 /* Assets.xcassets in Resources */,
				A9F049B71DB22F11003B4938 /* Main.storyboard in Resources */,
			);
			runOnlyForDeploymentPostprocessing = 0;
		};
/* End PBXResourcesBuildPhase section */

/* Begin PBXShellScriptBuildPhase section */
		2149DF5EDE01F3BBD5C7AD70 /* [CP] Embed Pods Frameworks */ = {
			isa = PBXShellScriptBuildPhase;
			buildActionMask = 2147483647;
			files = (
			);
			inputPaths = (
			);
			name = "[CP] Embed Pods Frameworks";
			outputPaths = (
			);
			runOnlyForDeploymentPostprocessing = 0;
			shellPath = /bin/sh;
			shellScript = "\"${SRCROOT}/Pods/Target Support Files/Pods-App/Pods-App-frameworks.sh\"\n";
			showEnvVarsInLog = 0;
		};
		3F79969F91FA3719ED7968E1 /* [CP] Check Pods Manifest.lock */ = {
			isa = PBXShellScriptBuildPhase;
			buildActionMask = 2147483647;
			files = (
			);
			inputPaths = (
			);
			name = "[CP] Check Pods Manifest.lock";
			outputPaths = (
			);
			runOnlyForDeploymentPostprocessing = 0;
			shellPath = /bin/sh;
			shellScript = "diff \"${PODS_ROOT}/../Podfile.lock\" \"${PODS_ROOT}/Manifest.lock\" > /dev/null\nif [ $? != 0 ] ; then\n    # print error to STDERR\n    echo \"error: The sandbox is not in sync with the Podfile.lock. Run 'pod install' or update your CocoaPods installation.\" >&2\n    exit 1\nfi\n";
			showEnvVarsInLog = 0;
		};
		483333FB4D0D04A5B6255274 /* [CP] Copy Pods Resources */ = {
			isa = PBXShellScriptBuildPhase;
			buildActionMask = 2147483647;
			files = (
			);
			inputPaths = (
			);
			name = "[CP] Copy Pods Resources";
			outputPaths = (
			);
			runOnlyForDeploymentPostprocessing = 0;
			shellPath = /bin/sh;
			shellScript = "\"${SRCROOT}/Pods/Target Support Files/Pods-App/Pods-App-resources.sh\"\n";
			showEnvVarsInLog = 0;
		};
/* End PBXShellScriptBuildPhase section */

/* Begin PBXSourcesBuildPhase section */
		A9F049A51DB22F11003B4938 /* Sources */ = {
			isa = PBXSourcesBuildPhase;
			buildActionMask = 2147483647;
			files = (
				A9F049B41DB22F11003B4938 /* ViewController.m in Sources */,
				A9F049B11DB22F11003B4938 /* AppDelegate.m in Sources */,
				A9F049AE1DB22F11003B4938 /* main.m in Sources */,
			);
			runOnlyForDeploymentPostprocessing = 0;
		};
/* End PBXSourcesBuildPhase section */

/* Begin PBXVariantGroup section */
		A9F049B51DB22F11003B4938 /* Main.storyboard */ = {
			isa = PBXVariantGroup;
			children = (
				A9F049B61DB22F11003B4938 /* Base */,
			);
			name = Main.storyboard;
			sourceTree = "<group>";
		};
		A9F049BA1DB22F11003B4938 /* LaunchScreen.storyboard */ = {
			isa = PBXVariantGroup;
			children = (
				A9F049BB1DB22F11003B4938 /* Base */,
			);
			name = LaunchScreen.storyboard;
			sourceTree = "<group>";
		};
/* End PBXVariantGroup section */

/* Begin XCBuildConfiguration section */
		A9F049BE1DB22F11003B4938 /* Debug */ = {
			isa = XCBuildConfiguration;
			buildSettings = {
				ALWAYS_SEARCH_USER_PATHS = NO;
				CLANG_ANALYZER_NONNULL = YES;
				CLANG_CXX_LANGUAGE_STANDARD = "gnu++0x";
				CLANG_CXX_LIBRARY = "libc++";
				CLANG_ENABLE_MODULES = YES;
				CLANG_ENABLE_OBJC_ARC = YES;
				CLANG_WARN_BOOL_CONVERSION = YES;
				CLANG_WARN_CONSTANT_CONVERSION = YES;
				CLANG_WARN_DIRECT_OBJC_ISA_USAGE = YES_ERROR;
				CLANG_WARN_DOCUMENTATION_COMMENTS = YES;
				CLANG_WARN_EMPTY_BODY = YES;
				CLANG_WARN_ENUM_CONVERSION = YES;
				CLANG_WARN_INFINITE_RECURSION = YES;
				CLANG_WARN_INT_CONVERSION = YES;
				CLANG_WARN_OBJC_ROOT_CLASS = YES_ERROR;
				CLANG_WARN_SUSPICIOUS_MOVES = YES;
				CLANG_WARN_UNREACHABLE_CODE = YES;
				CLANG_WARN__DUPLICATE_METHOD_MATCH = YES;
				"CODE_SIGN_IDENTITY[sdk=iphoneos*]" = "iPhone Developer";
				COPY_PHASE_STRIP = NO;
				DEBUG_INFORMATION_FORMAT = dwarf;
				ENABLE_STRICT_OBJC_MSGSEND = YES;
				ENABLE_TESTABILITY = YES;
				GCC_C_LANGUAGE_STANDARD = gnu99;
				GCC_DYNAMIC_NO_PIC = NO;
				GCC_NO_COMMON_BLOCKS = YES;
				GCC_OPTIMIZATION_LEVEL = 0;
				GCC_PREPROCESSOR_DEFINITIONS = (
					"DEBUG=1",
					"$(inherited)",
				);
				GCC_WARN_64_TO_32_BIT_CONVERSION = YES;
				GCC_WARN_ABOUT_RETURN_TYPE = YES_ERROR;
				GCC_WARN_UNDECLARED_SELECTOR = YES;
				GCC_WARN_UNINITIALIZED_AUTOS = YES_AGGRESSIVE;
				GCC_WARN_UNUSED_FUNCTION = YES;
				GCC_WARN_UNUSED_VARIABLE = YES;
				IPHONEOS_DEPLOYMENT_TARGET = 10.1;
				MTL_ENABLE_DEBUG_INFO = YES;
				ONLY_ACTIVE_ARCH = YES;
				SDKROOT = iphoneos;
				TARGETED_DEVICE_FAMILY = "1,2";
			};
			name = Debug;
		};
		A9F049BF1DB22F11003B4938 /* Release */ = {
			isa = XCBuildConfiguration;
			buildSettings = {
				ALWAYS_SEARCH_USER_PATHS = NO;
				CLANG_ANALYZER_NONNULL = YES;
				CLANG_CXX_LANGUAGE_STANDARD = "gnu++0x";
				CLANG_CXX_LIBRARY = "libc++";
				CLANG_ENABLE_MODULES = YES;
				CLANG_ENABLE_OBJC_ARC = YES;
				CLANG_WARN_BOOL_CONVERSION = YES;
				CLANG_WARN_CONSTANT_CONVERSION = YES;
				CLANG_WARN_DIRECT_OBJC_ISA_USAGE = YES_ERROR;
				CLANG_WARN_DOCUMENTATION_COMMENTS = YES;
				CLANG_WARN_EMPTY_BODY = YES;
				CLANG_WARN_ENUM_CONVERSION = YES;
				CLANG_WARN_INFINITE_RECURSION = YES;
				CLANG_WARN_INT_CONVERSION = YES;
				CLANG_WARN_OBJC_ROOT_CLASS = YES_ERROR;
				CLANG_WARN_SUSPICIOUS_MOVES = YES;
				CLANG_WARN_UNREACHABLE_CODE = YES;
				CLANG_WARN__DUPLICATE_METHOD_MATCH = YES;
				"CODE_SIGN_IDENTITY[sdk=iphoneos*]" = "iPhone Developer";
				COPY_PHASE_STRIP = NO;
				DEBUG_INFORMATION_FORMAT = "dwarf-with-dsym";
				ENABLE_NS_ASSERTIONS = NO;
				ENABLE_STRICT_OBJC_MSGSEND = YES;
				GCC_C_LANGUAGE_STANDARD = gnu99;
				GCC_NO_COMMON_BLOCKS = YES;
				GCC_WARN_64_TO_32_BIT_CONVERSION = YES;
				GCC_WARN_ABOUT_RETURN_TYPE = YES_ERROR;
				GCC_WARN_UNDECLARED_SELECTOR = YES;
				GCC_WARN_UNINITIALIZED_AUTOS = YES_AGGRESSIVE;
				GCC_WARN_UNUSED_FUNCTION = YES;
				GCC_WARN_UNUSED_VARIABLE = YES;
				IPHONEOS_DEPLOYMENT_TARGET = 10.1;
				MTL_ENABLE_DEBUG_INFO = NO;
				SDKROOT = iphoneos;
				TARGETED_DEVICE_FAMILY = "1,2";
				VALIDATE_PRODUCT = YES;
			};
			name = Release;
		};
		A9F049C11DB22F11003B4938 /* Debug */ = {
			isa = XCBuildConfiguration;
			baseConfigurationReference = 3808A14C2277EDCA5AD10DCB /* Pods-App.debug.xcconfig */;
			buildSettings = {
				ASSETCATALOG_COMPILER_APPICON_NAME = AppIcon;
				DEVELOPMENT_TEAM = XABKBB2C9G;
				INFOPLIST_FILE = App/Info.plist;
				LD_RUNPATH_SEARCH_PATHS = "$(inherited) @executable_path/Frameworks";
				PRODUCT_BUNDLE_IDENTIFIER = com.morenotepad.demo.App;
				PRODUCT_NAME = "$(TARGET_NAME)";
			};
			name = Debug;
		};
		A9F049C21DB22F11003B4938 /* Release */ = {
			isa = XCBuildConfiguration;
			baseConfigurationReference = 668C29721B7F3D3DAF39C9DE /* Pods-App.release.xcconfig */;
			buildSettings = {
				ASSETCATALOG_COMPILER_APPICON_NAME = AppIcon;
				DEVELOPMENT_TEAM = XABKBB2C9G;
				INFOPLIST_FILE = App/Info.plist;
				LD_RUNPATH_SEARCH_PATHS = "$(inherited) @executable_path/Frameworks";
				PRODUCT_BUNDLE_IDENTIFIER = com.morenotepad.demo.App;
				PRODUCT_NAME = "$(TARGET_NAME)";
			};
			name = Release;
		};
/* End XCBuildConfiguration section */

/* Begin XCConfigurationList section */
		A9F049A41DB22F11003B4938 /* Build configuration list for PBXProject "App" */ = {
			isa = XCConfigurationList;
			buildConfigurations = (
				A9F049BE1DB22F11003B4938 /* Debug */,
				A9F049BF1DB22F11003B4938 /* Release */,
			);
			defaultConfigurationIsVisible = 0;
			defaultConfigurationName = Release;
		};
		A9F049C01DB22F11003B4938 /* Build configuration list for PBXNativeTarget "App" */ = {
			isa = XCConfigurationList;
			buildConfigurations = (
				A9F049C11DB22F11003B4938 /* Debug */,
				A9F049C21DB22F11003B4938 /* Release */,
			);
			defaultConfigurationIsVisible = 0;
			defaultConfigurationName = Release;
		};
/* End XCConfigurationList section */
	};
	rootObject = A9F049A11DB22F11003B4938 /* Project object */;
}
