PODS:
  - MSImagePickerController (1.0.0)

DEPENDENCIES:
  - MSImagePickerController (from `../`)

EXTERNAL SOURCES:
  MSImagePickerController:
    :path: "../"

SPEC CHECKSUMS:
  MSImagePickerController: b93198452043eea0e42aa542463eff4f05f99104

PODFILE CHECKSUM: fbdd30e3f04d413bdeb16113d040bf5ef36794a7

COCOAPODS: 1.1.1
