// !$*UTF8*$!
{
	archiveVersion = 1;
	classes = {
	};
	objectVersion = 46;
	objects = {

/* Begin PBXBuildFile section */
		8E0202021C22458200F1B071 /* main.m in Sources */ = {isa = PBXBuildFile; fileRef = 8E0202011C22458200F1B071 /* main.m */; };
		8E0202051C22458200F1B071 /* AppDelegate.m in Sources */ = {isa = PBXBuildFile; fileRef = 8E0202041C22458200F1B071 /* AppDelegate.m */; };
		8E0202081C22458200F1B071 /* ViewController.m in Sources */ = {isa = PBXBuildFile; fileRef = 8E0202071C22458200F1B071 /* ViewController.m */; };
		8E02020B1C22458200F1B071 /* Main.storyboard in Resources */ = {isa = PBXBuildFile; fileRef = 8E0202091C22458200F1B071 /* Main.storyboard */; };
		8E02020D1C22458200F1B071 /* Images.xcassets in Resources */ = {isa = PBXBuildFile; fileRef = 8E02020C1C22458200F1B071 /* Images.xcassets */; };
		8E0202101C22458200F1B071 /* LaunchScreen.xib in Resources */ = {isa = PBXBuildFile; fileRef = 8E02020E1C22458200F1B071 /* LaunchScreen.xib */; };
		8E0202281C2245EB00F1B071 /* MSImagePickerController.m in Sources */ = {isa = PBXBuildFile; fileRef = 8E0202271C2245EB00F1B071 /* MSImagePickerController.m */; };
		8E02022A1C2245F300F1B071 /* MSImagePickerController.podspec in Resources */ = {isa = PBXBuildFile; fileRef = 8E0202291C2245F300F1B071 /* MSImagePickerController.podspec */; };
		8E02022C1C2246B400F1B071 /* AssetsPickerChecked@2x.png in Resources */ = {isa = PBXBuildFile; fileRef = 8E02022B1C2246B400F1B071 /* AssetsPickerChecked@2x.png */; };
/* End PBXBuildFile section */

/* Begin PBXFileReference section */
		8E0201FC1C22458200F1B071 /* Example.app */ = {isa = PBXFileReference; explicitFileType = wrapper.application; includeInIndex = 0; path = Example.app; sourceTree = BUILT_PRODUCTS_DIR; };
		8E0202001C22458200F1B071 /* Info.plist */ = {isa = PBXFileReference; lastKnownFileType = text.plist.xml; path = Info.plist; sourceTree = "<group>"; };
		8E0202011C22458200F1B071 /* main.m */ = {isa = PBXFileReference; lastKnownFileType = sourcecode.c.objc; path = main.m; sourceTree = "<group>"; };
		8E0202031C22458200F1B071 /* AppDelegate.h */ = {isa = PBXFileReference; lastKnownFileType = sourcecode.c.h; path = AppDelegate.h; sourceTree = "<group>"; };
		8E0202041C22458200F1B071 /* AppDelegate.m */ = {isa = PBXFileReference; lastKnownFileType = sourcecode.c.objc; path = AppDelegate.m; sourceTree = "<group>"; };
		8E0202061C22458200F1B071 /* ViewController.h */ = {isa = PBXFileReference; lastKnownFileType = sourcecode.c.h; path = ViewController.h; sourceTree = "<group>"; };
		8E0202071C22458200F1B071 /* ViewController.m */ = {isa = PBXFileReference; lastKnownFileType = sourcecode.c.objc; path = ViewController.m; sourceTree = "<group>"; };
		8E02020A1C22458200F1B071 /* Base */ = {isa = PBXFileReference; lastKnownFileType = file.storyboard; name = Base; path = Base.lproj/Main.storyboard; sourceTree = "<group>"; };
		8E02020C1C22458200F1B071 /* Images.xcassets */ = {isa = PBXFileReference; lastKnownFileType = folder.assetcatalog; path = Images.xcassets; sourceTree = "<group>"; };
		8E02020F1C22458200F1B071 /* Base */ = {isa = PBXFileReference; lastKnownFileType = file.xib; name = Base; path = Base.lproj/LaunchScreen.xib; sourceTree = "<group>"; };
		8E0202261C2245EB00F1B071 /* MSImagePickerController.h */ = {isa = PBXFileReference; fileEncoding = 4; lastKnownFileType = sourcecode.c.h; path = MSImagePickerController.h; sourceTree = "<group>"; };
		8E0202271C2245EB00F1B071 /* MSImagePickerController.m */ = {isa = PBXFileReference; fileEncoding = 4; lastKnownFileType = sourcecode.c.objc; path = MSImagePickerController.m; sourceTree = "<group>"; };
		8E0202291C2245F300F1B071 /* MSImagePickerController.podspec */ = {isa = PBXFileReference; fileEncoding = 4; lastKnownFileType = text; path = MSImagePickerController.podspec; sourceTree = "<group>"; };
		8E02022B1C2246B400F1B071 /* AssetsPickerChecked@2x.png */ = {isa = PBXFileReference; lastKnownFileType = image.png; path = "AssetsPickerChecked@2x.png"; sourceTree = "<group>"; };
/* End PBXFileReference section */

/* Begin PBXFrameworksBuildPhase section */
		8E0201F91C22458200F1B071 /* Frameworks */ = {
			isa = PBXFrameworksBuildPhase;
			buildActionMask = 2147483647;
			files = (
			);
			runOnlyForDeploymentPostprocessing = 0;
		};
/* End PBXFrameworksBuildPhase section */

/* Begin PBXGroup section */
		8E0201F31C22458100F1B071 = {
			isa = PBXGroup;
			children = (
				8E0202291C2245F300F1B071 /* MSImagePickerController.podspec */,
				8E0202251C2245EB00F1B071 /* MSImagePickerController */,
				8E0201FE1C22458200F1B071 /* Example */,
				8E0201FD1C22458200F1B071 /* Products */,
			);
			sourceTree = "<group>";
		};
		8E0201FD1C22458200F1B071 /* Products */ = {
			isa = PBXGroup;
			children = (
				8E0201FC1C22458200F1B071 /* Example.app */,
			);
			name = Products;
			sourceTree = "<group>";
		};
		8E0201FE1C22458200F1B071 /* Example */ = {
			isa = PBXGroup;
			children = (
				8E02022B1C2246B400F1B071 /* AssetsPickerChecked@2x.png */,
				8E0202031C22458200F1B071 /* AppDelegate.h */,
				8E0202041C22458200F1B071 /* AppDelegate.m */,
				8E0202061C22458200F1B071 /* ViewController.h */,
				8E0202071C22458200F1B071 /* ViewController.m */,
				8E0202091C22458200F1B071 /* Main.storyboard */,
				8E02020C1C22458200F1B071 /* Images.xcassets */,
				8E02020E1C22458200F1B071 /* LaunchScreen.xib */,
				8E0201FF1C22458200F1B071 /* Supporting Files */,
			);
			path = Example;
			sourceTree = "<group>";
		};
		8E0201FF1C22458200F1B071 /* Supporting Files */ = {
			isa = PBXGroup;
			children = (
				8E0202001C22458200F1B071 /* Info.plist */,
				8E0202011C22458200F1B071 /* main.m */,
			);
			name = "Supporting Files";
			sourceTree = "<group>";
		};
		8E0202251C2245EB00F1B071 /* MSImagePickerController */ = {
			isa = PBXGroup;
			children = (
				8E0202261C2245EB00F1B071 /* MSImagePickerController.h */,
				8E0202271C2245EB00F1B071 /* MSImagePickerController.m */,
			);
			path = MSImagePickerController;
			sourceTree = "<group>";
		};
/* End PBXGroup section */

/* Begin PBXNativeTarget section */
		8E0201FB1C22458200F1B071 /* Example */ = {
			isa = PBXNativeTarget;
			buildConfigurationList = 8E02021F1C22458300F1B071 /* Build configuration list for PBXNativeTarget "Example" */;
			buildPhases = (
				8E0201F81C22458200F1B071 /* Sources */,
				8E0201F91C22458200F1B071 /* Frameworks */,
				8E0201FA1C22458200F1B071 /* Resources */,
			);
			buildRules = (
			);
			dependencies = (
			);
			name = Example;
			productName = Example;
			productReference = 8E0201FC1C22458200F1B071 /* Example.app */;
			productType = "com.apple.product-type.application";
		};
/* End PBXNativeTarget section */

/* Begin PBXProject section */
		8E0201F41C22458100F1B071 /* Project object */ = {
			isa = PBXProject;
			attributes = {
				LastUpgradeCheck = 0640;
				ORGANIZATIONNAME = morenotepad;
				TargetAttributes = {
					8E0201FB1C22458200F1B071 = {
						CreatedOnToolsVersion = 6.4;
					};
				};
			};
			buildConfigurationList = 8E0201F71C22458100F1B071 /* Build configuration list for PBXProject "Example" */;
			compatibilityVersion = "Xcode 3.2";
			developmentRegion = English;
			hasScannedForEncodings = 0;
			knownRegions = (
				en,
				Base,
			);
			mainGroup = 8E0201F31C22458100F1B071;
			productRefGroup = 8E0201FD1C22458200F1B071 /* Products */;
			projectDirPath = "";
			projectRoot = "";
			targets = (
				8E0201FB1C22458200F1B071 /* Example */,
			);
		};
/* End PBXProject section */

/* Begin PBXResourcesBuildPhase section */
		8E0201FA1C22458200F1B071 /* Resources */ = {
			isa = PBXResourcesBuildPhase;
			buildActionMask = 2147483647;
			files = (
				8E02022A1C2245F300F1B071 /* MSImagePickerController.podspec in Resources */,
				8E02020B1C22458200F1B071 /* Main.storyboard in Resources */,
				8E02022C1C2246B400F1B071 /* AssetsPickerChecked@2x.png in Resources */,
				8E0202101C22458200F1B071 /* LaunchScreen.xib in Resources */,
				8E02020D1C22458200F1B071 /* Images.xcassets in Resources */,
			);
			runOnlyForDeploymentPostprocessing = 0;
		};
/* End PBXResourcesBuildPhase section */

/* Begin PBXSourcesBuildPhase section */
		8E0201F81C22458200F1B071 /* Sources */ = {
			isa = PBXSourcesBuildPhase;
			buildActionMask = 2147483647;
			files = (
				8E0202081C22458200F1B071 /* ViewController.m in Sources */,
				8E0202281C2245EB00F1B071 /* MSImagePickerController.m in Sources */,
				8E0202051C22458200F1B071 /* AppDelegate.m in Sources */,
				8E0202021C22458200F1B071 /* main.m in Sources */,
			);
			runOnlyForDeploymentPostprocessing = 0;
		};
/* End PBXSourcesBuildPhase section */

/* Begin PBXVariantGroup section */
		8E0202091C22458200F1B071 /* Main.storyboard */ = {
			isa = PBXVariantGroup;
			children = (
				8E02020A1C22458200F1B071 /* Base */,
			);
			name = Main.storyboard;
			sourceTree = "<group>";
		};
		8E02020E1C22458200F1B071 /* LaunchScreen.xib */ = {
			isa = PBXVariantGroup;
			children = (
				8E02020F1C22458200F1B071 /* Base */,
			);
			name = LaunchScreen.xib;
			sourceTree = "<group>";
		};
/* End PBXVariantGroup section */

/* Begin XCBuildConfiguration section */
		8E02021D1C22458300F1B071 /* Debug */ = {
			isa = XCBuildConfiguration;
			buildSettings = {
				ALWAYS_SEARCH_USER_PATHS = NO;
				CLANG_CXX_LANGUAGE_STANDARD = "gnu++0x";
				CLANG_CXX_LIBRARY = "libc++";
				CLANG_ENABLE_MODULES = YES;
				CLANG_ENABLE_OBJC_ARC = YES;
				CLANG_WARN_BOOL_CONVERSION = YES;
				CLANG_WARN_CONSTANT_CONVERSION = YES;
				CLANG_WARN_DIRECT_OBJC_ISA_USAGE = YES_ERROR;
				CLANG_WARN_EMPTY_BODY = YES;
				CLANG_WARN_ENUM_CONVERSION = YES;
				CLANG_WARN_INT_CONVERSION = YES;
				CLANG_WARN_OBJC_ROOT_CLASS = YES_ERROR;
				CLANG_WARN_UNREACHABLE_CODE = YES;
				CLANG_WARN__DUPLICATE_METHOD_MATCH = YES;
				"CODE_SIGN_IDENTITY[sdk=iphoneos*]" = "iPhone Developer";
				COPY_PHASE_STRIP = NO;
				DEBUG_INFORMATION_FORMAT = "dwarf-with-dsym";
				ENABLE_STRICT_OBJC_MSGSEND = YES;
				GCC_C_LANGUAGE_STANDARD = gnu99;
				GCC_DYNAMIC_NO_PIC = NO;
				GCC_NO_COMMON_BLOCKS = YES;
				GCC_OPTIMIZATION_LEVEL = 0;
				GCC_PREPROCESSOR_DEFINITIONS = (
					"DEBUG=1",
					"$(inherited)",
				);
				GCC_SYMBOLS_PRIVATE_EXTERN = NO;
				GCC_WARN_64_TO_32_BIT_CONVERSION = YES;
				GCC_WARN_ABOUT_RETURN_TYPE = YES_ERROR;
				GCC_WARN_UNDECLARED_SELECTOR = YES;
				GCC_WARN_UNINITIALIZED_AUTOS = YES_AGGRESSIVE;
				GCC_WARN_UNUSED_FUNCTION = YES;
				GCC_WARN_UNUSED_VARIABLE = YES;
				IPHONEOS_DEPLOYMENT_TARGET = 8.4;
				MTL_ENABLE_DEBUG_INFO = YES;
				ONLY_ACTIVE_ARCH = YES;
				SDKROOT = iphoneos;
				TARGETED_DEVICE_FAMILY = "1,2";
			};
			name = Debug;
		};
		8E02021E1C22458300F1B071 /* Release */ = {
			isa = XCBuildConfiguration;
			buildSettings = {
				ALWAYS_SEARCH_USER_PATHS = NO;
				CLANG_CXX_LANGUAGE_STANDARD = "gnu++0x";
				CLANG_CXX_LIBRARY = "libc++";
				CLANG_ENABLE_MODULES = YES;
				CLANG_ENABLE_OBJC_ARC = YES;
				CLANG_WARN_BOOL_CONVERSION = YES;
				CLANG_WARN_CONSTANT_CONVERSION = YES;
				CLANG_WARN_DIRECT_OBJC_ISA_USAGE = YES_ERROR;
				CLANG_WARN_EMPTY_BODY = YES;
				CLANG_WARN_ENUM_CONVERSION = YES;
				CLANG_WARN_INT_CONVERSION = YES;
				CLANG_WARN_OBJC_ROOT_CLASS = YES_ERROR;
				CLANG_WARN_UNREACHABLE_CODE = YES;
				CLANG_WARN__DUPLICATE_METHOD_MATCH = YES;
				"CODE_SIGN_IDENTITY[sdk=iphoneos*]" = "iPhone Developer";
				COPY_PHASE_STRIP = NO;
				DEBUG_INFORMATION_FORMAT = "dwarf-with-dsym";
				ENABLE_NS_ASSERTIONS = NO;
				ENABLE_STRICT_OBJC_MSGSEND = YES;
				GCC_C_LANGUAGE_STANDARD = gnu99;
				GCC_NO_COMMON_BLOCKS = YES;
				GCC_WARN_64_TO_32_BIT_CONVERSION = YES;
				GCC_WARN_ABOUT_RETURN_TYPE = YES_ERROR;
				GCC_WARN_UNDECLARED_SELECTOR = YES;
				GCC_WARN_UNINITIALIZED_AUTOS = YES_AGGRESSIVE;
				GCC_WARN_UNUSED_FUNCTION = YES;
				GCC_WARN_UNUSED_VARIABLE = YES;
				IPHONEOS_DEPLOYMENT_TARGET = 8.4;
				MTL_ENABLE_DEBUG_INFO = NO;
				SDKROOT = iphoneos;
				TARGETED_DEVICE_FAMILY = "1,2";
				VALIDATE_PRODUCT = YES;
			};
			name = Release;
		};
		8E0202201C22458300F1B071 /* Debug */ = {
			isa = XCBuildConfiguration;
			buildSettings = {
				ASSETCATALOG_COMPILER_APPICON_NAME = AppIcon;
				INFOPLIST_FILE = Example/Info.plist;
				LD_RUNPATH_SEARCH_PATHS = "$(inherited) @executable_path/Frameworks";
				PRODUCT_NAME = "$(TARGET_NAME)";
			};
			name = Debug;
		};
		8E0202211C22458300F1B071 /* Release */ = {
			isa = XCBuildConfiguration;
			buildSettings = {
				ASSETCATALOG_COMPILER_APPICON_NAME = AppIcon;
				INFOPLIST_FILE = Example/Info.plist;
				LD_RUNPATH_SEARCH_PATHS = "$(inherited) @executable_path/Frameworks";
				PRODUCT_NAME = "$(TARGET_NAME)";
			};
			name = Release;
		};
/* End XCBuildConfiguration section */

/* Begin XCConfigurationList section */
		8E0201F71C22458100F1B071 /* Build configuration list for PBXProject "Example" */ = {
			isa = XCConfigurationList;
			buildConfigurations = (
				8E02021D1C22458300F1B071 /* Debug */,
				8E02021E1C22458300F1B071 /* Release */,
			);
			defaultConfigurationIsVisible = 0;
			defaultConfigurationName = Release;
		};
		8E02021F1C22458300F1B071 /* Build configuration list for PBXNativeTarget "Example" */ = {
			isa = XCConfigurationList;
			buildConfigurations = (
				8E0202201C22458300F1B071 /* Debug */,
				8E0202211C22458300F1B071 /* Release */,
			);
			defaultConfigurationIsVisible = 0;
			defaultConfigurationName = Release;
		};
/* End XCConfigurationList section */
	};
	rootObject = 8E0201F41C22458100F1B071 /* Project object */;
}
