// !$*UTF8*$!
{
	archiveVersion = 1;
	classes = {
	};
	objectVersion = 46;
	objects = {

/* Begin PBXBuildFile section */
		445A9008039C1EDF0B443223 /* libPods-Example.a in Frameworks */ = {isa = PBXBuildFile; fileRef = C4E680D9A256241FF4CBB52F /* libPods-Example.a */; };
		A922D7B71DB217300023C69C /* main.m in Sources */ = {isa = PBXBuildFile; fileRef = A922D7B61DB217300023C69C /* main.m */; };
		A922D7BA1DB217300023C69C /* AppDelegate.m in Sources */ = {isa = PBXBuildFile; fileRef = A922D7B91DB217300023C69C /* AppDelegate.m */; };
		A922D7BD1DB217300023C69C /* ViewController.m in Sources */ = {isa = PBXBuildFile; fileRef = A922D7BC1DB217300023C69C /* ViewController.m */; };
		A922D7C01DB217300023C69C /* Main.storyboard in Resources */ = {isa = PBXBuildFile; fileRef = A922D7BE1DB217300023C69C /* Main.storyboard */; };
		A922D7C21DB217300023C69C /* Assets.xcassets in Resources */ = {isa = PBXBuildFile; fileRef = A922D7C11DB217300023C69C /* Assets.xcassets */; };
		A922D7C51DB217300023C69C /* LaunchScreen.storyboard in Resources */ = {isa = PBXBuildFile; fileRef = A922D7C31DB217300023C69C /* LaunchScreen.storyboard */; };
/* End PBXBuildFile section */

/* Begin PBXFileReference section */
		21128144536974DDDD993F7F /* Pods-Example.release.xcconfig */ = {isa = PBXFileReference; includeInIndex = 1; lastKnownFileType = text.xcconfig; name = "Pods-Example.release.xcconfig"; path = "Pods/Target Support Files/Pods-Example/Pods-Example.release.xcconfig"; sourceTree = "<group>"; };
		497BDB4C374445D0292FEE62 /* Pods-Example.debug.xcconfig */ = {isa = PBXFileReference; includeInIndex = 1; lastKnownFileType = text.xcconfig; name = "Pods-Example.debug.xcconfig"; path = "Pods/Target Support Files/Pods-Example/Pods-Example.debug.xcconfig"; sourceTree = "<group>"; };
		A922D7B21DB217300023C69C /* Example.app */ = {isa = PBXFileReference; explicitFileType = wrapper.application; includeInIndex = 0; path = Example.app; sourceTree = BUILT_PRODUCTS_DIR; };
		A922D7B61DB217300023C69C /* main.m */ = {isa = PBXFileReference; lastKnownFileType = sourcecode.c.objc; path = main.m; sourceTree = "<group>"; };
		A922D7B81DB217300023C69C /* AppDelegate.h */ = {isa = PBXFileReference; lastKnownFileType = sourcecode.c.h; path = AppDelegate.h; sourceTree = "<group>"; };
		A922D7B91DB217300023C69C /* AppDelegate.m */ = {isa = PBXFileReference; lastKnownFileType = sourcecode.c.objc; path = AppDelegate.m; sourceTree = "<group>"; };
		A922D7BB1DB217300023C69C /* ViewController.h */ = {isa = PBXFileReference; lastKnownFileType = sourcecode.c.h; path = ViewController.h; sourceTree = "<group>"; };
		A922D7BC1DB217300023C69C /* ViewController.m */ = {isa = PBXFileReference; lastKnownFileType = sourcecode.c.objc; path = ViewController.m; sourceTree = "<group>"; };
		A922D7BF1DB217300023C69C /* Base */ = {isa = PBXFileReference; lastKnownFileType = file.storyboard; name = Base; path = Base.lproj/Main.storyboard; sourceTree = "<group>"; };
		A922D7C11DB217300023C69C /* Assets.xcassets */ = {isa = PBXFileReference; lastKnownFileType = folder.assetcatalog; path = Assets.xcassets; sourceTree = "<group>"; };
		A922D7C41DB217300023C69C /* Base */ = {isa = PBXFileReference; lastKnownFileType = file.storyboard; name = Base; path = Base.lproj/LaunchScreen.storyboard; sourceTree = "<group>"; };
		A922D7C61DB217300023C69C /* Info.plist */ = {isa = PBXFileReference; lastKnownFileType = text.plist.xml; path = Info.plist; sourceTree = "<group>"; };
		C4E680D9A256241FF4CBB52F /* libPods-Example.a */ = {isa = PBXFileReference; explicitFileType = archive.ar; includeInIndex = 0; path = "libPods-Example.a"; sourceTree = BUILT_PRODUCTS_DIR; };
/* End PBXFileReference section */

/* Begin PBXFrameworksBuildPhase section */
		A922D7AF1DB217300023C69C /* Frameworks */ = {
			isa = PBXFrameworksBuildPhase;
			buildActionMask = 2147483647;
			files = (
				445A9008039C1EDF0B443223 /* libPods-Example.a in Frameworks */,
			);
			runOnlyForDeploymentPostprocessing = 0;
		};
/* End PBXFrameworksBuildPhase section */

/* Begin PBXGroup section */
		8E1CC409FBBD77932B2BA04C /* Frameworks */ = {
			isa = PBXGroup;
			children = (
				C4E680D9A256241FF4CBB52F /* libPods-Example.a */,
			);
			name = Frameworks;
			sourceTree = "<group>";
		};
		A66C23B5C2E9FDD2AA65B36C /* Pods */ = {
			isa = PBXGroup;
			children = (
				497BDB4C374445D0292FEE62 /* Pods-Example.debug.xcconfig */,
				21128144536974DDDD993F7F /* Pods-Example.release.xcconfig */,
			);
			name = Pods;
			sourceTree = "<group>";
		};
		A922D7A91DB217300023C69C = {
			isa = PBXGroup;
			children = (
				A922D7B41DB217300023C69C /* Example */,
				A922D7B31DB217300023C69C /* Products */,
				A66C23B5C2E9FDD2AA65B36C /* Pods */,
				8E1CC409FBBD77932B2BA04C /* Frameworks */,
			);
			sourceTree = "<group>";
		};
		A922D7B31DB217300023C69C /* Products */ = {
			isa = PBXGroup;
			children = (
				A922D7B21DB217300023C69C /* Example.app */,
			);
			name = Products;
			sourceTree = "<group>";
		};
		A922D7B41DB217300023C69C /* Example */ = {
			isa = PBXGroup;
			children = (
				A922D7B81DB217300023C69C /* AppDelegate.h */,
				A922D7B91DB217300023C69C /* AppDelegate.m */,
				A922D7BB1DB217300023C69C /* ViewController.h */,
				A922D7BC1DB217300023C69C /* ViewController.m */,
				A922D7BE1DB217300023C69C /* Main.storyboard */,
				A922D7C11DB217300023C69C /* Assets.xcassets */,
				A922D7C31DB217300023C69C /* LaunchScreen.storyboard */,
				A922D7C61DB217300023C69C /* Info.plist */,
				A922D7B51DB217300023C69C /* Supporting Files */,
			);
			path = Example;
			sourceTree = "<group>";
		};
		A922D7B51DB217300023C69C /* Supporting Files */ = {
			isa = PBXGroup;
			children = (
				A922D7B61DB217300023C69C /* main.m */,
			);
			name = "Supporting Files";
			sourceTree = "<group>";
		};
/* End PBXGroup section */

/* Begin PBXNativeTarget section */
		A922D7B11DB217300023C69C /* Example */ = {
			isa = PBXNativeTarget;
			buildConfigurationList = A922D7C91DB217300023C69C /* Build configuration list for PBXNativeTarget "Example" */;
			buildPhases = (
				DE316D55A47A14DDC17B796A /* [CP] Check Pods Manifest.lock */,
				A922D7AE1DB217300023C69C /* Sources */,
				A922D7AF1DB217300023C69C /* Frameworks */,
				A922D7B01DB217300023C69C /* Resources */,
				B30FF8AD8124458A0CC5F082 /* [CP] Embed Pods Frameworks */,
				377D8669D81335B3D9B09178 /* [CP] Copy Pods Resources */,
			);
			buildRules = (
			);
			dependencies = (
			);
			name = Example;
			productName = Example;
			productReference = A922D7B21DB217300023C69C /* Example.app */;
			productType = "com.apple.product-type.application";
		};
/* End PBXNativeTarget section */

/* Begin PBXProject section */
		A922D7AA1DB217300023C69C /* Project object */ = {
			isa = PBXProject;
			attributes = {
				LastUpgradeCheck = 0810;
				ORGANIZATIONNAME = morenotepad;
				TargetAttributes = {
					A922D7B11DB217300023C69C = {
						CreatedOnToolsVersion = 8.1;
						DevelopmentTeam = XABKBB2C9G;
						ProvisioningStyle = Automatic;
					};
				};
			};
			buildConfigurationList = A922D7AD1DB217300023C69C /* Build configuration list for PBXProject "Example" */;
			compatibilityVersion = "Xcode 3.2";
			developmentRegion = English;
			hasScannedForEncodings = 0;
			knownRegions = (
				en,
				Base,
			);
			mainGroup = A922D7A91DB217300023C69C;
			productRefGroup = A922D7B31DB217300023C69C /* Products */;
			projectDirPath = "";
			projectRoot = "";
			targets = (
				A922D7B11DB217300023C69C /* Example */,
			);
		};
/* End PBXProject section */

/* Begin PBXResourcesBuildPhase section */
		A922D7B01DB217300023C69C /* Resources */ = {
			isa = PBXResourcesBuildPhase;
			buildActionMask = 2147483647;
			files = (
				A922D7C51DB217300023C69C /* LaunchScreen.storyboard in Resources */,
				A922D7C21DB217300023C69C /* Assets.xcassets in Resources */,
				A922D7C01DB217300023C69C /* Main.storyboard in Resources */,
			);
			runOnlyForDeploymentPostprocessing = 0;
		};
/* End PBXResourcesBuildPhase section */

/* Begin PBXShellScriptBuildPhase section */
		377D8669D81335B3D9B09178 /* [CP] Copy Pods Resources */ = {
			isa = PBXShellScriptBuildPhase;
			buildActionMask = 2147483647;
			files = (
			);
			inputPaths = (
			);
			name = "[CP] Copy Pods Resources";
			outputPaths = (
			);
			runOnlyForDeploymentPostprocessing = 0;
			shellPath = /bin/sh;
			shellScript = "\"${SRCROOT}/Pods/Target Support Files/Pods-Example/Pods-Example-resources.sh\"\n";
			showEnvVarsInLog = 0;
		};
		B30FF8AD8124458A0CC5F082 /* [CP] Embed Pods Frameworks */ = {
			isa = PBXShellScriptBuildPhase;
			buildActionMask = 2147483647;
			files = (
			);
			inputPaths = (
			);
			name = "[CP] Embed Pods Frameworks";
			outputPaths = (
			);
			runOnlyForDeploymentPostprocessing = 0;
			shellPath = /bin/sh;
			shellScript = "\"${SRCROOT}/Pods/Target Support Files/Pods-Example/Pods-Example-frameworks.sh\"\n";
			showEnvVarsInLog = 0;
		};
		DE316D55A47A14DDC17B796A /* [CP] Check Pods Manifest.lock */ = {
			isa = PBXShellScriptBuildPhase;
			buildActionMask = 2147483647;
			files = (
			);
			inputPaths = (
			);
			name = "[CP] Check Pods Manifest.lock";
			outputPaths = (
			);
			runOnlyForDeploymentPostprocessing = 0;
			shellPath = /bin/sh;
			shellScript = "diff \"${PODS_ROOT}/../Podfile.lock\" \"${PODS_ROOT}/Manifest.lock\" > /dev/null\nif [[ $? != 0 ]] ; then\n    cat << EOM\nerror: The sandbox is not in sync with the Podfile.lock. Run 'pod install' or update your CocoaPods installation.\nEOM\n    exit 1\nfi\n";
			showEnvVarsInLog = 0;
		};
/* End PBXShellScriptBuildPhase section */

/* Begin PBXSourcesBuildPhase section */
		A922D7AE1DB217300023C69C /* Sources */ = {
			isa = PBXSourcesBuildPhase;
			buildActionMask = 2147483647;
			files = (
				A922D7BD1DB217300023C69C /* ViewController.m in Sources */,
				A922D7BA1DB217300023C69C /* AppDelegate.m in Sources */,
				A922D7B71DB217300023C69C /* main.m in Sources */,
			);
			runOnlyForDeploymentPostprocessing = 0;
		};
/* End PBXSourcesBuildPhase section */

/* Begin PBXVariantGroup section */
		A922D7BE1DB217300023C69C /* Main.storyboard */ = {
			isa = PBXVariantGroup;
			children = (
				A922D7BF1DB217300023C69C /* Base */,
			);
			name = Main.storyboard;
			sourceTree = "<group>";
		};
		A922D7C31DB217300023C69C /* LaunchScreen.storyboard */ = {
			isa = PBXVariantGroup;
			children = (
				A922D7C41DB217300023C69C /* Base */,
			);
			name = LaunchScreen.storyboard;
			sourceTree = "<group>";
		};
/* End PBXVariantGroup section */

/* Begin XCBuildConfiguration section */
		A922D7C71DB217300023C69C /* Debug */ = {
			isa = XCBuildConfiguration;
			buildSettings = {
				ALWAYS_SEARCH_USER_PATHS = NO;
				CLANG_ANALYZER_NONNULL = YES;
				CLANG_CXX_LANGUAGE_STANDARD = "gnu++0x";
				CLANG_CXX_LIBRARY = "libc++";
				CLANG_ENABLE_MODULES = YES;
				CLANG_ENABLE_OBJC_ARC = YES;
				CLANG_WARN_BOOL_CONVERSION = YES;
				CLANG_WARN_CONSTANT_CONVERSION = YES;
				CLANG_WARN_DIRECT_OBJC_ISA_USAGE = YES_ERROR;
				CLANG_WARN_DOCUMENTATION_COMMENTS = YES;
				CLANG_WARN_EMPTY_BODY = YES;
				CLANG_WARN_ENUM_CONVERSION = YES;
				CLANG_WARN_INFINITE_RECURSION = YES;
				CLANG_WARN_INT_CONVERSION = YES;
				CLANG_WARN_OBJC_ROOT_CLASS = YES_ERROR;
				CLANG_WARN_SUSPICIOUS_MOVES = YES;
				CLANG_WARN_UNREACHABLE_CODE = YES;
				CLANG_WARN__DUPLICATE_METHOD_MATCH = YES;
				"CODE_SIGN_IDENTITY[sdk=iphoneos*]" = "iPhone Developer";
				COPY_PHASE_STRIP = NO;
				DEBUG_INFORMATION_FORMAT = dwarf;
				ENABLE_STRICT_OBJC_MSGSEND = YES;
				ENABLE_TESTABILITY = YES;
				GCC_C_LANGUAGE_STANDARD = gnu99;
				GCC_DYNAMIC_NO_PIC = NO;
				GCC_NO_COMMON_BLOCKS = YES;
				GCC_OPTIMIZATION_LEVEL = 0;
				GCC_PREPROCESSOR_DEFINITIONS = (
					"DEBUG=1",
					"$(inherited)",
				);
				GCC_WARN_64_TO_32_BIT_CONVERSION = YES;
				GCC_WARN_ABOUT_RETURN_TYPE = YES_ERROR;
				GCC_WARN_UNDECLARED_SELECTOR = YES;
				GCC_WARN_UNINITIALIZED_AUTOS = YES_AGGRESSIVE;
				GCC_WARN_UNUSED_FUNCTION = YES;
				GCC_WARN_UNUSED_VARIABLE = YES;
				IPHONEOS_DEPLOYMENT_TARGET = 10.1;
				MTL_ENABLE_DEBUG_INFO = YES;
				ONLY_ACTIVE_ARCH = YES;
				SDKROOT = iphoneos;
			};
			name = Debug;
		};
		A922D7C81DB217300023C69C /* Release */ = {
			isa = XCBuildConfiguration;
			buildSettings = {
				ALWAYS_SEARCH_USER_PATHS = NO;
				CLANG_ANALYZER_NONNULL = YES;
				CLANG_CXX_LANGUAGE_STANDARD = "gnu++0x";
				CLANG_CXX_LIBRARY = "libc++";
				CLANG_ENABLE_MODULES = YES;
				CLANG_ENABLE_OBJC_ARC = YES;
				CLANG_WARN_BOOL_CONVERSION = YES;
				CLANG_WARN_CONSTANT_CONVERSION = YES;
				CLANG_WARN_DIRECT_OBJC_ISA_USAGE = YES_ERROR;
				CLANG_WARN_DOCUMENTATION_COMMENTS = YES;
				CLANG_WARN_EMPTY_BODY = YES;
				CLANG_WARN_ENUM_CONVERSION = YES;
				CLANG_WARN_INFINITE_RECURSION = YES;
				CLANG_WARN_INT_CONVERSION = YES;
				CLANG_WARN_OBJC_ROOT_CLASS = YES_ERROR;
				CLANG_WARN_SUSPICIOUS_MOVES = YES;
				CLANG_WARN_UNREACHABLE_CODE = YES;
				CLANG_WARN__DUPLICATE_METHOD_MATCH = YES;
				"CODE_SIGN_IDENTITY[sdk=iphoneos*]" = "iPhone Developer";
				COPY_PHASE_STRIP = NO;
				DEBUG_INFORMATION_FORMAT = "dwarf-with-dsym";
				ENABLE_NS_ASSERTIONS = NO;
				ENABLE_STRICT_OBJC_MSGSEND = YES;
				GCC_C_LANGUAGE_STANDARD = gnu99;
				GCC_NO_COMMON_BLOCKS = YES;
				GCC_WARN_64_TO_32_BIT_CONVERSION = YES;
				GCC_WARN_ABOUT_RETURN_TYPE = YES_ERROR;
				GCC_WARN_UNDECLARED_SELECTOR = YES;
				GCC_WARN_UNINITIALIZED_AUTOS = YES_AGGRESSIVE;
				GCC_WARN_UNUSED_FUNCTION = YES;
				GCC_WARN_UNUSED_VARIABLE = YES;
				IPHONEOS_DEPLOYMENT_TARGET = 10.1;
				MTL_ENABLE_DEBUG_INFO = NO;
				SDKROOT = iphoneos;
				VALIDATE_PRODUCT = YES;
			};
			name = Release;
		};
		A922D7CA1DB217300023C69C /* Debug */ = {
			isa = XCBuildConfiguration;
			baseConfigurationReference = 497BDB4C374445D0292FEE62 /* Pods-Example.debug.xcconfig */;
			buildSettings = {
				ASSETCATALOG_COMPILER_APPICON_NAME = AppIcon;
				DEVELOPMENT_TEAM = XABKBB2C9G;
				INFOPLIST_FILE = Example/Info.plist;
				IPHONEOS_DEPLOYMENT_TARGET = 8.0;
				LD_RUNPATH_SEARCH_PATHS = "$(inherited) @executable_path/Frameworks";
				PRODUCT_BUNDLE_IDENTIFIER = com.morenotepad.demo.Example;
				PRODUCT_NAME = "$(TARGET_NAME)";
			};
			name = Debug;
		};
		A922D7CB1DB217300023C69C /* Release */ = {
			isa = XCBuildConfiguration;
			baseConfigurationReference = 21128144536974DDDD993F7F /* Pods-Example.release.xcconfig */;
			buildSettings = {
				ASSETCATALOG_COMPILER_APPICON_NAME = AppIcon;
				DEVELOPMENT_TEAM = XABKBB2C9G;
				INFOPLIST_FILE = Example/Info.plist;
				IPHONEOS_DEPLOYMENT_TARGET = 8.0;
				LD_RUNPATH_SEARCH_PATHS = "$(inherited) @executable_path/Frameworks";
				PRODUCT_BUNDLE_IDENTIFIER = com.morenotepad.demo.Example;
				PRODUCT_NAME = "$(TARGET_NAME)";
			};
			name = Release;
		};
/* End XCBuildConfiguration section */

/* Begin XCConfigurationList section */
		A922D7AD1DB217300023C69C /* Build configuration list for PBXProject "Example" */ = {
			isa = XCConfigurationList;
			buildConfigurations = (
				A922D7C71DB217300023C69C /* Debug */,
				A922D7C81DB217300023C69C /* Release */,
			);
			defaultConfigurationIsVisible = 0;
			defaultConfigurationName = Release;
		};
		A922D7C91DB217300023C69C /* Build configuration list for PBXNativeTarget "Example" */ = {
			isa = XCConfigurationList;
			buildConfigurations = (
				A922D7CA1DB217300023C69C /* Debug */,
				A922D7CB1DB217300023C69C /* Release */,
			);
			defaultConfigurationIsVisible = 0;
			defaultConfigurationName = Release;
		};
/* End XCConfigurationList section */
	};
	rootObject = A922D7AA1DB217300023C69C /* Project object */;
}
